<?xml version="1.0" encoding="utf-8"?>
<Project ToolsVersion="4.0" xmlns="http://schemas.microsoft.com/developer/msbuild/2003">
  <ItemGroup>
    <Filter Include="Parser">
      <UniqueIdentifier>{c1d0f8a1-3f3a-4b8a-9a1a-1f1a2b3c4d5e}</UniqueIdentifier>
    </Filter>
    <Filter Include="GameEngine">
      <UniqueIdentifier>{d4a3b1c4-6c6d-4ebc-ad4d-4c4d5e6f7081}</UniqueIdentifier>
    </Filter>
    <Filter Include="ThirdParty">
      <UniqueIdentifier>{a2e1f9b2-4a4b-4c9b-8b2b-2a2b3c4d5e6f}</UniqueIdentifier>
    </Filter>
    <Filter Include="Source">
      <UniqueIdentifier>{b3f2a0c3-5b5c-4dac-9c3c-3b3c4d5e6f70}</UniqueIdentifier>
    </Filter>
    <Filter Include="Piece">
      <UniqueIdentifier>{e5b4c2d5-7d7e-4fbd-be5e-5d5e6f708192}</UniqueIdentifier>
    </Filter>
    <Filter Include="Resource Files">
      <UniqueIdentifier>{67da6ab6-f800-4c08-8b7a-83bb121aad02}</UniqueIdentifier>
    </Filter>
  </ItemGroup>
  <ItemGroup>
    <ClCompile Include="src\TestMain.cpp" />
    <ClCompile Include="src\Parser\ParseBoardTests.cpp">
      <Filter>Parser</Filter>
    </ClCompile>
    <ClCompile Include="src\Parser\BoardToStringTests.cpp">
      <Filter>Parser</Filter>
    </ClCompile>
    <ClCompile Include="src\Parser\RoundTripTests.cpp">
      <Filter>Parser</Filter>
    </ClCompile>
    <ClCompile Include="src\GameEngine\ClickTests.cpp">
      <Filter>GameEngine</Filter>
    </ClCompile>
    <ClCompile Include="src\GameEngine\WaitTests.cpp">
      <Filter>GameEngine</Filter>
    </ClCompile>
    <ClCompile Include="src\GameEngine\PrintTests.cpp">
      <Filter>GameEngine</Filter>
    </ClCompile>
    <ClCompile Include="src\Piece\KingTests.cpp">
      <Filter>Piece</Filter>
    </ClCompile>
    <ClCompile Include="src\Piece\QueenTests.cpp">
      <Filter>Piece</Filter>
    </ClCompile>
    <ClCompile Include="src\Piece\RookTests.cpp">
      <Filter>Piece</Filter>
    </ClCompile>
    <ClCompile Include="src\Piece\BishopTests.cpp">
      <Filter>Piece</Filter>
    </ClCompile>
    <ClCompile Include="src\Piece\KnightTests.cpp">
      <Filter>Piece</Filter>
    </ClCompile>
    <ClCompile Include="src\Piece\PawnTests.cpp">
      <Filter>Piece</Filter>
    </ClCompile>
    <ClCompile Include="src\Piece\PieceFactoryTests.cpp">
      <Filter>Piece</Filter>
    </ClCompile>
    <ClCompile Include="..\Kung-Fu-Chess\src\Board.cpp">
      <Filter>Source</Filter>
    </ClCompile>
    <ClCompile Include="..\Kung-Fu-Chess\src\Parser.cpp">
      <Filter>Source</Filter>
    </ClCompile>
    <ClCompile Include="..\Kung-Fu-Chess\src\GameEngine.cpp">
      <Filter>Source</Filter>
    </ClCompile>
    <ClCompile Include="..\Kung-Fu-Chess\src\Piece.cpp">
      <Filter>Resource Files</Filter>
    </ClCompile>
    <ClCompile Include="src\GameEngine\GameOverTests.cpp">
      <Filter>GameEngine</Filter>
    </ClCompile>
    <ClCompile Include="src\GameEngine\PromotionTests.cpp">
      <Filter>GameEngine</Filter>
    </ClCompile>
    <ClCompile Include="src\GameEngine\JumpTests.cpp">
      <Filter>GameEngine</Filter>
    </ClCompile>
  </ItemGroup>
  <ItemGroup>
    <ClInclude Include="include\ThirdParty\doctest.h">
      <Filter>ThirdParty</Filter>
    </ClInclude>
    <ClInclude Include="..\Kung-Fu-Chess\include\Board.h">
      <Filter>Source</Filter>
    </ClInclude>
    <ClInclude Include="..\Kung-Fu-Chess\include\Types.h">
      <Filter>Source</Filter>
    </ClInclude>
    <ClInclude Include="..\Kung-Fu-Chess\include\Parser.h">
      <Filter>Source</Filter>
    </ClInclude>
    <ClInclude Include="..\Kung-Fu-Chess\include\GameEngine.h">
      <Filter>Source</Filter>
    </ClInclude>
    <ClInclude Include="..\Kung-Fu-Chess\include\Piece.h">
      <Filter>Resource Files</Filter>
    </ClInclude>
  </ItemGroup>
</Project>