<?xml version="1.0" encoding="utf-8"?>
<Project ToolsVersion="4.0" xmlns="http://schemas.microsoft.com/developer/msbuild/2003">
  <ItemGroup>
    <Filter Include="Parser">
      <UniqueIdentifier>{c1d0f8a1-3f3a-4b8a-9a1a-1f1a2b3c4d5e}</UniqueIdentifier>
    </Filter>
    <Filter Include="ThirdParty">
      <UniqueIdentifier>{a2e1f9b2-4a4b-4c9b-8b2b-2a2b3c4d5e6f}</UniqueIdentifier>
    </Filter>
    <Filter Include="Source">
      <UniqueIdentifier>{b3f2a0c3-5b5c-4dac-9c3c-3b3c4d5e6f70}</UniqueIdentifier>
    </Filter>
  </ItemGroup>
  <ItemGroup>
    <ClCompile Include="TestMain.cpp" />
    <ClCompile Include="Parser\ParseBoardTests.cpp">
      <Filter>Parser</Filter>
    </ClCompile>
    <ClCompile Include="Parser\BoardToStringTests.cpp">
      <Filter>Parser</Filter>
    </ClCompile>
    <ClCompile Include="Parser\RoundTripTests.cpp">
      <Filter>Parser</Filter>
    </ClCompile>
    <ClCompile Include="..\Kung-Fu-Chess\Board.cpp">
      <Filter>Source</Filter>
    </ClCompile>
    <ClCompile Include="..\Kung-Fu-Chess\Parser.cpp">
      <Filter>Source</Filter>
    </ClCompile>
  </ItemGroup>
  <ItemGroup>
    <ClInclude Include="ThirdParty\doctest.h">
      <Filter>ThirdParty</Filter>
    </ClInclude>
    <ClInclude Include="..\Kung-Fu-Chess\Board.h">
      <Filter>Source</Filter>
    </ClInclude>
    <ClInclude Include="..\Kung-Fu-Chess\Types.h">
      <Filter>Source</Filter>
    </ClInclude>
    <ClInclude Include="..\Kung-Fu-Chess\Parser.h">
      <Filter>Source</Filter>
    </ClInclude>
  </ItemGroup>
</Project>
